
Microsoft Visual Studio Solution File, Format Version 12.00
# Visual Studio Version 17
VisualStudioVersion = 17.14.36429.23 d17.14
MinimumVisualStudioVersion = 10.0.40219.1
Project("{FAE04EC0-301F-11D3-BF4B-00C04F79EFBC}") = "CS.2.003", "CS.2.003.csproj", "{1AA5F802-DBC3-46B6-9F2B-6D09979D5630}"
EndProject
Global
	GlobalSection(SolutionConfigurationPlatforms) = preSolution
		Debug|Any CPU = Debug|Any CPU
		Release|Any CPU = Release|Any CPU
	EndGlobalSection
	GlobalSection(ProjectConfigurationPlatforms) = postSolution
		{1AA5F802-DBC3-46B6-9F2B-6D09979D5630}.Debug|Any CPU.ActiveCfg = Debug|Any CPU
		{1AA5F802-DBC3-46B6-9F2B-6D09979D5630}.Debug|Any CPU.Build.0 = Debug|Any CPU
		{1AA5F802-DBC3-46B6-9F2B-6D09979D5630}.Release|Any CPU.ActiveCfg = Release|Any CPU
		{1AA5F802-DBC3-46B6-9F2B-6D09979D5630}.Release|Any CPU.Build.0 = Release|Any CPU
	EndGlobalSection
	GlobalSection(SolutionProperties) = preSolution
		HideSolutionNode = FALSE
	EndGlobalSection
	GlobalSection(ExtensibilityGlobals) = postSolution
		SolutionGuid = {E6DD032E-AED6-4C5E-8082-F65E56F0BC93}
	EndGlobalSection
EndGlobal
