
Microsoft Visual Studio Solution File, Format Version 12.00
# Visual Studio Version 17
VisualStudioVersion = 17.14.36603.0
MinimumVisualStudioVersion = 10.0.40219.1
Project("{FAE04EC0-301F-11D3-BF4B-00C04F79EFBC}") = "CollegeAppAPI", "CollegeAppAPI.csproj", "{3FF9CE32-5C63-430F-86AF-1062047D1B33}"
EndProject
Project("{FAE04EC0-301F-11D3-BF4B-00C04F79EFBC}") = "TestProject", "..\TestProject\TestProject.csproj", "{A26EEE4B-BE44-4AE4-8AD3-66094389BFA4}"
	ProjectSection(ProjectDependencies) = postProject
		{3FF9CE32-5C63-430F-86AF-1062047D1B33} = {3FF9CE32-5C63-430F-86AF-1062047D1B33}
	EndProjectSection
EndProject
Global
	GlobalSection(SolutionConfigurationPlatforms) = preSolution
		Debug|Any CPU = Debug|Any CPU
		Release|Any CPU = Release|Any CPU
	EndGlobalSection
	GlobalSection(ProjectConfigurationPlatforms) = postSolution
		{3FF9CE32-5C63-430F-86AF-1062047D1B33}.Debug|Any CPU.ActiveCfg = Debug|Any CPU
		{3FF9CE32-5C63-430F-86AF-1062047D1B33}.Debug|Any CPU.Build.0 = Debug|Any CPU
		{3FF9CE32-5C63-430F-86AF-1062047D1B33}.Release|Any CPU.ActiveCfg = Release|Any CPU
		{3FF9CE32-5C63-430F-86AF-1062047D1B33}.Release|Any CPU.Build.0 = Release|Any CPU
		{A26EEE4B-BE44-4AE4-8AD3-66094389BFA4}.Debug|Any CPU.ActiveCfg = Debug|Any CPU
		{A26EEE4B-BE44-4AE4-8AD3-66094389BFA4}.Debug|Any CPU.Build.0 = Debug|Any CPU
		{A26EEE4B-BE44-4AE4-8AD3-66094389BFA4}.Release|Any CPU.ActiveCfg = Release|Any CPU
		{A26EEE4B-BE44-4AE4-8AD3-66094389BFA4}.Release|Any CPU.Build.0 = Release|Any CPU
	EndGlobalSection
	GlobalSection(SolutionProperties) = preSolution
		HideSolutionNode = FALSE
	EndGlobalSection
	GlobalSection(ExtensibilityGlobals) = postSolution
		SolutionGuid = {EDD3A99C-51D2-4852-8ECC-8EB269D929F8}
	EndGlobalSection
EndGlobal
