
Microsoft Visual Studio Solution File, Format Version 12.00
# Visual Studio Version 17
VisualStudioVersion = 17.14.36429.23 d17.14
MinimumVisualStudioVersion = 10.0.40219.1
Project("{FAE04EC0-301F-11D3-BF4B-00C04F79EFBC}") = "CS.1.011", "CS.1.011.csproj", "{E5D8819C-3A63-4600-819F-FD142E386B8A}"
EndProject
Global
	GlobalSection(SolutionConfigurationPlatforms) = preSolution
		Debug|Any CPU = Debug|Any CPU
		Release|Any CPU = Release|Any CPU
	EndGlobalSection
	GlobalSection(ProjectConfigurationPlatforms) = postSolution
		{E5D8819C-3A63-4600-819F-FD142E386B8A}.Debug|Any CPU.ActiveCfg = Debug|Any CPU
		{E5D8819C-3A63-4600-819F-FD142E386B8A}.Debug|Any CPU.Build.0 = Debug|Any CPU
		{E5D8819C-3A63-4600-819F-FD142E386B8A}.Release|Any CPU.ActiveCfg = Release|Any CPU
		{E5D8819C-3A63-4600-819F-FD142E386B8A}.Release|Any CPU.Build.0 = Release|Any CPU
	EndGlobalSection
	GlobalSection(SolutionProperties) = preSolution
		HideSolutionNode = FALSE
	EndGlobalSection
	GlobalSection(ExtensibilityGlobals) = postSolution
		SolutionGuid = {F74E43ED-8936-4BFA-8357-DC8F180EA591}
	EndGlobalSection
EndGlobal
