
Microsoft Visual Studio Solution File, Format Version 12.00
# Visual Studio Version 17
VisualStudioVersion = 17.14.36429.23 d17.14
MinimumVisualStudioVersion = 10.0.40219.1
Project("{FAE04EC0-301F-11D3-BF4B-00C04F79EFBC}") = "CS.3.004", "CS.3.004.csproj", "{A8F235E9-4720-4752-AE8E-136D17032533}"
EndProject
Global
	GlobalSection(SolutionConfigurationPlatforms) = preSolution
		Debug|Any CPU = Debug|Any CPU
		Release|Any CPU = Release|Any CPU
	EndGlobalSection
	GlobalSection(ProjectConfigurationPlatforms) = postSolution
		{A8F235E9-4720-4752-AE8E-136D17032533}.Debug|Any CPU.ActiveCfg = Debug|Any CPU
		{A8F235E9-4720-4752-AE8E-136D17032533}.Debug|Any CPU.Build.0 = Debug|Any CPU
		{A8F235E9-4720-4752-AE8E-136D17032533}.Release|Any CPU.ActiveCfg = Release|Any CPU
		{A8F235E9-4720-4752-AE8E-136D17032533}.Release|Any CPU.Build.0 = Release|Any CPU
	EndGlobalSection
	GlobalSection(SolutionProperties) = preSolution
		HideSolutionNode = FALSE
	EndGlobalSection
	GlobalSection(ExtensibilityGlobals) = postSolution
		SolutionGuid = {5B9D7F4F-8344-412F-A552-9BBA00C86487}
	EndGlobalSection
EndGlobal
